
Microsoft Visual Studio Solution File, Format Version 12.00
# Visual Studio 15
VisualStudioVersion = 15.0.27130.2027
MinimumVisualStudioVersion = 10.0.40219.1
Project("{FAE04EC0-301F-11D3-BF4B-00C04F79EFBC}") = "WhatsAppBot", "WhatsAppBot\WhatsAppBot.csproj", "{A33D845B-1F17-42EA-B38E-2EF57CE36FDA}"
EndProject
Global
	GlobalSection(SolutionConfigurationPlatforms) = preSolution
		Debug|Any CPU = Debug|Any CPU
		Release|Any CPU = Release|Any CPU
	EndGlobalSection
	GlobalSection(ProjectConfigurationPlatforms) = postSolution
		{A33D845B-1F17-42EA-B38E-2EF57CE36FDA}.Debug|Any CPU.ActiveCfg = Debug|Any CPU
		{A33D845B-1F17-42EA-B38E-2EF57CE36FDA}.Debug|Any CPU.Build.0 = Debug|Any CPU
		{A33D845B-1F17-42EA-B38E-2EF57CE36FDA}.Release|Any CPU.ActiveCfg = Release|Any CPU
		{A33D845B-1F17-42EA-B38E-2EF57CE36FDA}.Release|Any CPU.Build.0 = Release|Any CPU
	EndGlobalSection
	GlobalSection(SolutionProperties) = preSolution
		HideSolutionNode = FALSE
	EndGlobalSection
	GlobalSection(ExtensibilityGlobals) = postSolution
		SolutionGuid = {146A4574-458E-44DE-9944-9C80A105B41A}
	EndGlobalSection
EndGlobal
